
Microsoft Visual Studio Solution File, Format Version 12.00
# Visual Studio 15
VisualStudioVersion = 15.0.28307.852
MinimumVisualStudioVersion = 10.0.40219.1
Project("{8BC9CEB8-8B4A-11D0-8D11-00A0C91BC942}") = "PracticeKhai", "PracticeKhai\PracticeKhai.vcxproj", "{5F53924A-BD85-425D-B534-BAC8A1860008}"
EndProject
Global
	GlobalSection(SolutionConfigurationPlatforms) = preSolution
		Debug|x64 = Debug|x64
		Debug|x86 = Debug|x86
		Release|x64 = Release|x64
		Release|x86 = Release|x86
	EndGlobalSection
	GlobalSection(ProjectConfigurationPlatforms) = postSolution
		{5F53924A-BD85-425D-B534-BAC8A1860008}.Debug|x64.ActiveCfg = Debug|x64
		{5F53924A-BD85-425D-B534-BAC8A1860008}.Debug|x64.Build.0 = Debug|x64
		{5F53924A-BD85-425D-B534-BAC8A1860008}.Debug|x86.ActiveCfg = Debug|Win32
		{5F53924A-BD85-425D-B534-BAC8A1860008}.Debug|x86.Build.0 = Debug|Win32
		{5F53924A-BD85-425D-B534-BAC8A1860008}.Release|x64.ActiveCfg = Release|x64
		{5F53924A-BD85-425D-B534-BAC8A1860008}.Release|x64.Build.0 = Release|x64
		{5F53924A-BD85-425D-B534-BAC8A1860008}.Release|x86.ActiveCfg = Release|Win32
		{5F53924A-BD85-425D-B534-BAC8A1860008}.Release|x86.Build.0 = Release|Win32
	EndGlobalSection
	GlobalSection(SolutionProperties) = preSolution
		HideSolutionNode = FALSE
	EndGlobalSection
	GlobalSection(ExtensibilityGlobals) = postSolution
		SolutionGuid = {6F65870A-341D-417F-8DBF-404A51A3B358}
	EndGlobalSection
EndGlobal
